
Microsoft Visual Studio Solution File, Format Version 12.00
# Visual Studio Version 17
VisualStudioVersion = 17.5.002.0
MinimumVisualStudioVersion = 10.0.40219.1
Project("{9A19103F-16F7-4668-BE54-9A1E7A4F7556}") = "ValidateStringInput", "ValidateStringInput.csproj", "{EE5FA051-3203-4185-AAA3-F54F914A19FE}"
EndProject
Global
	GlobalSection(SolutionConfigurationPlatforms) = preSolution
		Debug|Any CPU = Debug|Any CPU
		Release|Any CPU = Release|Any CPU
	EndGlobalSection
	GlobalSection(ProjectConfigurationPlatforms) = postSolution
		{EE5FA051-3203-4185-AAA3-F54F914A19FE}.Debug|Any CPU.ActiveCfg = Debug|Any CPU
		{EE5FA051-3203-4185-AAA3-F54F914A19FE}.Debug|Any CPU.Build.0 = Debug|Any CPU
		{EE5FA051-3203-4185-AAA3-F54F914A19FE}.Release|Any CPU.ActiveCfg = Release|Any CPU
		{EE5FA051-3203-4185-AAA3-F54F914A19FE}.Release|Any CPU.Build.0 = Release|Any CPU
	EndGlobalSection
	GlobalSection(SolutionProperties) = preSolution
		HideSolutionNode = FALSE
	EndGlobalSection
	GlobalSection(ExtensibilityGlobals) = postSolution
		SolutionGuid = {02A05C07-45DD-4DF1-9F02-2D57052C7065}
	EndGlobalSection
EndGlobal
